// !$*UTF8*$!
{
	archiveVersion = 1;
	classes = {
	};
	objectVersion = 46;
	objects = {

/* Begin PBXBuildFile section */
		180E5D301AAFA74600C5C4DC /* main.m in Sources */ = {isa = PBXBuildFile; fileRef = 180E5D2F1AAFA74600C5C4DC /* main.m */; };
		180E5D331AAFA74600C5C4DC /* AppDelegate.m in Sources */ = {isa = PBXBuildFile; fileRef = 180E5D321AAFA74600C5C4DC /* AppDelegate.m */; };
		180E5D361AAFA74600C5C4DC /* chedream_ios.xcdatamodeld in Sources */ = {isa = PBXBuildFile; fileRef = 180E5D341AAFA74600C5C4DC /* chedream_ios.xcdatamodeld */; };
		180E5D3C1AAFA74700C5C4DC /* Main.storyboard in Resources */ = {isa = PBXBuildFile; fileRef = 180E5D3A1AAFA74700C5C4DC /* Main.storyboard */; };
		180E5D3E1AAFA74700C5C4DC /* Images.xcassets in Resources */ = {isa = PBXBuildFile; fileRef = 180E5D3D1AAFA74700C5C4DC /* Images.xcassets */; };
		180E5D411AAFA74700C5C4DC /* LaunchScreen.xib in Resources */ = {isa = PBXBuildFile; fileRef = 180E5D3F1AAFA74700C5C4DC /* LaunchScreen.xib */; };
		180E5D4D1AAFA74700C5C4DC /* chedream_iosTests.m in Sources */ = {isa = PBXBuildFile; fileRef = 180E5D4C1AAFA74700C5C4DC /* chedream_iosTests.m */; };
		182CB96E1AC872560087DA92 /* Dream.m in Sources */ = {isa = PBXBuildFile; fileRef = 182CB96D1AC872560087DA92 /* Dream.m */; };
		182CB9711AC882D80087DA92 /* Author.m in Sources */ = {isa = PBXBuildFile; fileRef = 182CB9701AC882D80087DA92 /* Author.m */; };
		30D3CA140E601F638ACBDD6D /* libPods.a in Frameworks */ = {isa = PBXBuildFile; fileRef = 6A2CCAE4E7ABA608C04C44D9 /* libPods.a */; };
		4E84DE431AD7B3EB005ED94D /* DreamResource.m in Sources */ = {isa = PBXBuildFile; fileRef = 4E84DE421AD7B3EB005ED94D /* DreamResource.m */; };
		4EB46F181AD55AE7009E883F /* MenuTableViewController.m in Sources */ = {isa = PBXBuildFile; fileRef = 4EB46F171AD55AE7009E883F /* MenuTableViewController.m */; };
		4EB46F1B1AD567E2009E883F /* MainViewCollectionViewController.m in Sources */ = {isa = PBXBuildFile; fileRef = 4EB46F1A1AD567E2009E883F /* MainViewCollectionViewController.m */; };
		4EB46F221AD56A58009E883F /* dream1.png in Resources */ = {isa = PBXBuildFile; fileRef = 4EB46F1C1AD56A58009E883F /* dream1.png */; };
		4EB46F2C1AD5753D009E883F /* DetailsViewController.m in Sources */ = {isa = PBXBuildFile; fileRef = 4EB46F2B1AD5753D009E883F /* DetailsViewController.m */; };
		4EB46F2F1AD5757E009E883F /* AboutViewController.m in Sources */ = {isa = PBXBuildFile; fileRef = 4EB46F2E1AD5757E009E883F /* AboutViewController.m */; };
		4EB46F321AD575B2009E883F /* FAQViewController.m in Sources */ = {isa = PBXBuildFile; fileRef = 4EB46F311AD575B2009E883F /* FAQViewController.m */; };
		4EB46F351AD57618009E883F /* ContactsViewController.m in Sources */ = {isa = PBXBuildFile; fileRef = 4EB46F341AD57618009E883F /* ContactsViewController.m */; };
/* End PBXBuildFile section */

/* Begin PBXContainerItemProxy section */
		180E5D471AAFA74700C5C4DC /* PBXContainerItemProxy */ = {
			isa = PBXContainerItemProxy;
			containerPortal = 180E5D221AAFA74600C5C4DC /* Project object */;
			proxyType = 1;
			remoteGlobalIDString = 180E5D291AAFA74600C5C4DC;
			remoteInfo = "chedream-ios";
		};
/* End PBXContainerItemProxy section */

/* Begin PBXFileReference section */
		180E5D2A1AAFA74600C5C4DC /* chedream-ios.app */ = {isa = PBXFileReference; explicitFileType = wrapper.application; includeInIndex = 0; path = "chedream-ios.app"; sourceTree = BUILT_PRODUCTS_DIR; };
		180E5D2E1AAFA74600C5C4DC /* Info.plist */ = {isa = PBXFileReference; lastKnownFileType = text.plist.xml; path = Info.plist; sourceTree = "<group>"; };
		180E5D2F1AAFA74600C5C4DC /* main.m */ = {isa = PBXFileReference; lastKnownFileType = sourcecode.c.objc; path = main.m; sourceTree = "<group>"; };
		180E5D311AAFA74600C5C4DC /* AppDelegate.h */ = {isa = PBXFileReference; lastKnownFileType = sourcecode.c.h; path = AppDelegate.h; sourceTree = "<group>"; };
		180E5D321AAFA74600C5C4DC /* AppDelegate.m */ = {isa = PBXFileReference; lastKnownFileType = sourcecode.c.objc; path = AppDelegate.m; sourceTree = "<group>"; };
		180E5D351AAFA74600C5C4DC /* chedream_ios.xcdatamodel */ = {isa = PBXFileReference; lastKnownFileType = wrapper.xcdatamodel; path = chedream_ios.xcdatamodel; sourceTree = "<group>"; };
		180E5D3B1AAFA74700C5C4DC /* Base */ = {isa = PBXFileReference; lastKnownFileType = file.storyboard; name = Base; path = Base.lproj/Main.storyboard; sourceTree = "<group>"; };
		180E5D3D1AAFA74700C5C4DC /* Images.xcassets */ = {isa = PBXFileReference; lastKnownFileType = folder.assetcatalog; path = Images.xcassets; sourceTree = "<group>"; };
		180E5D401AAFA74700C5C4DC /* Base */ = {isa = PBXFileReference; lastKnownFileType = file.xib; name = Base; path = Base.lproj/LaunchScreen.xib; sourceTree = "<group>"; };
		180E5D461AAFA74700C5C4DC /* chedream-iosTests.xctest */ = {isa = PBXFileReference; explicitFileType = wrapper.cfbundle; includeInIndex = 0; path = "chedream-iosTests.xctest"; sourceTree = BUILT_PRODUCTS_DIR; };
		180E5D4B1AAFA74700C5C4DC /* Info.plist */ = {isa = PBXFileReference; lastKnownFileType = text.plist.xml; path = Info.plist; sourceTree = "<group>"; };
		180E5D4C1AAFA74700C5C4DC /* chedream_iosTests.m */ = {isa = PBXFileReference; lastKnownFileType = sourcecode.c.objc; path = chedream_iosTests.m; sourceTree = "<group>"; };
		182CB96C1AC872560087DA92 /* Dream.h */ = {isa = PBXFileReference; fileEncoding = 4; lastKnownFileType = sourcecode.c.h; path = Dream.h; sourceTree = "<group>"; };
		182CB96D1AC872560087DA92 /* Dream.m */ = {isa = PBXFileReference; fileEncoding = 4; lastKnownFileType = sourcecode.c.objc; path = Dream.m; sourceTree = "<group>"; };
		182CB96F1AC882D80087DA92 /* Author.h */ = {isa = PBXFileReference; fileEncoding = 4; lastKnownFileType = sourcecode.c.h; path = Author.h; sourceTree = "<group>"; };
		182CB9701AC882D80087DA92 /* Author.m */ = {isa = PBXFileReference; fileEncoding = 4; lastKnownFileType = sourcecode.c.objc; path = Author.m; sourceTree = "<group>"; };
		4E84DE411AD7B3EB005ED94D /* DreamResource.h */ = {isa = PBXFileReference; fileEncoding = 4; lastKnownFileType = sourcecode.c.h; path = DreamResource.h; sourceTree = "<group>"; };
		4E84DE421AD7B3EB005ED94D /* DreamResource.m */ = {isa = PBXFileReference; fileEncoding = 4; lastKnownFileType = sourcecode.c.objc; path = DreamResource.m; sourceTree = "<group>"; };
		4EB46F161AD55AE7009E883F /* MenuTableViewController.h */ = {isa = PBXFileReference; fileEncoding = 4; lastKnownFileType = sourcecode.c.h; path = MenuTableViewController.h; sourceTree = "<group>"; };
		4EB46F171AD55AE7009E883F /* MenuTableViewController.m */ = {isa = PBXFileReference; fileEncoding = 4; lastKnownFileType = sourcecode.c.objc; path = MenuTableViewController.m; sourceTree = "<group>"; };
		4EB46F191AD567E2009E883F /* MainViewCollectionViewController.h */ = {isa = PBXFileReference; fileEncoding = 4; lastKnownFileType = sourcecode.c.h; path = MainViewCollectionViewController.h; sourceTree = "<group>"; };
		4EB46F1A1AD567E2009E883F /* MainViewCollectionViewController.m */ = {isa = PBXFileReference; fileEncoding = 4; lastKnownFileType = sourcecode.c.objc; path = MainViewCollectionViewController.m; sourceTree = "<group>"; };
		4EB46F1C1AD56A58009E883F /* dream1.png */ = {isa = PBXFileReference; lastKnownFileType = image.png; path = dream1.png; sourceTree = "<group>"; };
		4EB46F2A1AD5753D009E883F /* DetailsViewController.h */ = {isa = PBXFileReference; fileEncoding = 4; lastKnownFileType = sourcecode.c.h; path = DetailsViewController.h; sourceTree = "<group>"; };
		4EB46F2B1AD5753D009E883F /* DetailsViewController.m */ = {isa = PBXFileReference; fileEncoding = 4; lastKnownFileType = sourcecode.c.objc; path = DetailsViewController.m; sourceTree = "<group>"; };
		4EB46F2D1AD5757E009E883F /* AboutViewController.h */ = {isa = PBXFileReference; fileEncoding = 4; lastKnownFileType = sourcecode.c.h; path = AboutViewController.h; sourceTree = "<group>"; };
		4EB46F2E1AD5757E009E883F /* AboutViewController.m */ = {isa = PBXFileReference; fileEncoding = 4; lastKnownFileType = sourcecode.c.objc; path = AboutViewController.m; sourceTree = "<group>"; };
		4EB46F301AD575B2009E883F /* FAQViewController.h */ = {isa = PBXFileReference; fileEncoding = 4; lastKnownFileType = sourcecode.c.h; path = FAQViewController.h; sourceTree = "<group>"; };
		4EB46F311AD575B2009E883F /* FAQViewController.m */ = {isa = PBXFileReference; fileEncoding = 4; lastKnownFileType = sourcecode.c.objc; path = FAQViewController.m; sourceTree = "<group>"; };
		4EB46F331AD57618009E883F /* ContactsViewController.h */ = {isa = PBXFileReference; fileEncoding = 4; lastKnownFileType = sourcecode.c.h; path = ContactsViewController.h; sourceTree = "<group>"; };
		4EB46F341AD57618009E883F /* ContactsViewController.m */ = {isa = PBXFileReference; fileEncoding = 4; lastKnownFileType = sourcecode.c.objc; path = ContactsViewController.m; sourceTree = "<group>"; };
		6A2CCAE4E7ABA608C04C44D9 /* libPods.a */ = {isa = PBXFileReference; explicitFileType = archive.ar; includeInIndex = 0; path = libPods.a; sourceTree = BUILT_PRODUCTS_DIR; };
		82A0FEE94C13DDF126131C40 /* Pods.release.xcconfig */ = {isa = PBXFileReference; includeInIndex = 1; lastKnownFileType = text.xcconfig; name = Pods.release.xcconfig; path = "Pods/Target Support Files/Pods/Pods.release.xcconfig"; sourceTree = "<group>"; };
		D6487594306448CBA22D4012 /* Pods.debug.xcconfig */ = {isa = PBXFileReference; includeInIndex = 1; lastKnownFileType = text.xcconfig; name = Pods.debug.xcconfig; path = "Pods/Target Support Files/Pods/Pods.debug.xcconfig"; sourceTree = "<group>"; };
/* End PBXFileReference section */

/* Begin PBXFrameworksBuildPhase section */
		180E5D271AAFA74600C5C4DC /* Frameworks */ = {
			isa = PBXFrameworksBuildPhase;
			buildActionMask = 2147483647;
			files = (
				30D3CA140E601F638ACBDD6D /* libPods.a in Frameworks */,
			);
			runOnlyForDeploymentPostprocessing = 0;
		};
		180E5D431AAFA74700C5C4DC /* Frameworks */ = {
			isa = PBXFrameworksBuildPhase;
			buildActionMask = 2147483647;
			files = (
			);
			runOnlyForDeploymentPostprocessing = 0;
		};
/* End PBXFrameworksBuildPhase section */

/* Begin PBXGroup section */
		180E5D211AAFA74600C5C4DC = {
			isa = PBXGroup;
			children = (
				180E5D2C1AAFA74600C5C4DC /* chedream-ios */,
				180E5D491AAFA74700C5C4DC /* chedream-iosTests */,
				180E5D2B1AAFA74600C5C4DC /* Products */,
				92754A6EBBF3A426C1DF0173 /* Pods */,
				B2F0826F8223172DFC67C0CE /* Frameworks */,
			);
			sourceTree = "<group>";
		};
		180E5D2B1AAFA74600C5C4DC /* Products */ = {
			isa = PBXGroup;
			children = (
				180E5D2A1AAFA74600C5C4DC /* chedream-ios.app */,
				180E5D461AAFA74700C5C4DC /* chedream-iosTests.xctest */,
			);
			name = Products;
			sourceTree = "<group>";
		};
		180E5D2C1AAFA74600C5C4DC /* chedream-ios */ = {
			isa = PBXGroup;
			children = (
				4EB46F291AD572C3009E883F /* ViewControlls */,
				4EB46F281AD56A61009E883F /* TMP dream pic */,
				180E5D311AAFA74600C5C4DC /* AppDelegate.h */,
				180E5D321AAFA74600C5C4DC /* AppDelegate.m */,
				180E5D3A1AAFA74700C5C4DC /* Main.storyboard */,
				180E5D3D1AAFA74700C5C4DC /* Images.xcassets */,
				180E5D3F1AAFA74700C5C4DC /* LaunchScreen.xib */,
				180E5D341AAFA74600C5C4DC /* chedream_ios.xcdatamodeld */,
				180E5D2D1AAFA74600C5C4DC /* Supporting Files */,
				182CB96C1AC872560087DA92 /* Dream.h */,
				182CB96D1AC872560087DA92 /* Dream.m */,
				182CB96F1AC882D80087DA92 /* Author.h */,
				182CB9701AC882D80087DA92 /* Author.m */,
				4E84DE411AD7B3EB005ED94D /* DreamResource.h */,
				4E84DE421AD7B3EB005ED94D /* DreamResource.m */,
			);
			path = "chedream-ios";
			sourceTree = "<group>";
		};
		180E5D2D1AAFA74600C5C4DC /* Supporting Files */ = {
			isa = PBXGroup;
			children = (
				180E5D2E1AAFA74600C5C4DC /* Info.plist */,
				180E5D2F1AAFA74600C5C4DC /* main.m */,
			);
			name = "Supporting Files";
			sourceTree = "<group>";
		};
		180E5D491AAFA74700C5C4DC /* chedream-iosTests */ = {
			isa = PBXGroup;
			children = (
				180E5D4C1AAFA74700C5C4DC /* chedream_iosTests.m */,
				180E5D4A1AAFA74700C5C4DC /* Supporting Files */,
			);
			path = "chedream-iosTests";
			sourceTree = "<group>";
		};
		180E5D4A1AAFA74700C5C4DC /* Supporting Files */ = {
			isa = PBXGroup;
			children = (
				180E5D4B1AAFA74700C5C4DC /* Info.plist */,
			);
			name = "Supporting Files";
			sourceTree = "<group>";
		};
		4EB46F281AD56A61009E883F /* TMP dream pic */ = {
			isa = PBXGroup;
			children = (
				4EB46F1C1AD56A58009E883F /* dream1.png */,
			);
			name = "TMP dream pic";
			sourceTree = "<group>";
		};
		4EB46F291AD572C3009E883F /* ViewControlls */ = {
			isa = PBXGroup;
			children = (
				4EB46F161AD55AE7009E883F /* MenuTableViewController.h */,
				4EB46F171AD55AE7009E883F /* MenuTableViewController.m */,
				4EB46F191AD567E2009E883F /* MainViewCollectionViewController.h */,
				4EB46F1A1AD567E2009E883F /* MainViewCollectionViewController.m */,
				4EB46F2A1AD5753D009E883F /* DetailsViewController.h */,
				4EB46F2B1AD5753D009E883F /* DetailsViewController.m */,
				4EB46F2D1AD5757E009E883F /* AboutViewController.h */,
				4EB46F2E1AD5757E009E883F /* AboutViewController.m */,
				4EB46F301AD575B2009E883F /* FAQViewController.h */,
				4EB46F311AD575B2009E883F /* FAQViewController.m */,
				4EB46F331AD57618009E883F /* ContactsViewController.h */,
				4EB46F341AD57618009E883F /* ContactsViewController.m */,
			);
			name = ViewControlls;
			sourceTree = "<group>";
		};
		92754A6EBBF3A426C1DF0173 /* Pods */ = {
			isa = PBXGroup;
			children = (
				D6487594306448CBA22D4012 /* Pods.debug.xcconfig */,
				82A0FEE94C13DDF126131C40 /* Pods.release.xcconfig */,
			);
			name = Pods;
			sourceTree = "<group>";
		};
		B2F0826F8223172DFC67C0CE /* Frameworks */ = {
			isa = PBXGroup;
			children = (
				6A2CCAE4E7ABA608C04C44D9 /* libPods.a */,
			);
			name = Frameworks;
			sourceTree = "<group>";
		};
/* End PBXGroup section */

/* Begin PBXNativeTarget section */
		180E5D291AAFA74600C5C4DC /* chedream-ios */ = {
			isa = PBXNativeTarget;
			buildConfigurationList = 180E5D501AAFA74700C5C4DC /* Build configuration list for PBXNativeTarget "chedream-ios" */;
			buildPhases = (
				CE980DD55C8317C94EB09FED /* Check Pods Manifest.lock */,
				180E5D261AAFA74600C5C4DC /* Sources */,
				180E5D271AAFA74600C5C4DC /* Frameworks */,
				180E5D281AAFA74600C5C4DC /* Resources */,
				0940DB186AC82454EA957CE3 /* Copy Pods Resources */,
			);
			buildRules = (
			);
			dependencies = (
			);
			name = "chedream-ios";
			productName = "chedream-ios";
			productReference = 180E5D2A1AAFA74600C5C4DC /* chedream-ios.app */;
			productType = "com.apple.product-type.application";
		};
		180E5D451AAFA74700C5C4DC /* chedream-iosTests */ = {
			isa = PBXNativeTarget;
			buildConfigurationList = 180E5D531AAFA74700C5C4DC /* Build configuration list for PBXNativeTarget "chedream-iosTests" */;
			buildPhases = (
				180E5D421AAFA74700C5C4DC /* Sources */,
				180E5D431AAFA74700C5C4DC /* Frameworks */,
				180E5D441AAFA74700C5C4DC /* Resources */,
			);
			buildRules = (
			);
			dependencies = (
				180E5D481AAFA74700C5C4DC /* PBXTargetDependency */,
			);
			name = "chedream-iosTests";
			productName = "chedream-iosTests";
			productReference = 180E5D461AAFA74700C5C4DC /* chedream-iosTests.xctest */;
			productType = "com.apple.product-type.bundle.unit-test";
		};
/* End PBXNativeTarget section */

/* Begin PBXProject section */
		180E5D221AAFA74600C5C4DC /* Project object */ = {
			isa = PBXProject;
			attributes = {
				LastUpgradeCheck = 0610;
				ORGANIZATIONNAME = Chedream;
				TargetAttributes = {
					180E5D291AAFA74600C5C4DC = {
						CreatedOnToolsVersion = 6.1.1;
					};
					180E5D451AAFA74700C5C4DC = {
						CreatedOnToolsVersion = 6.1.1;
						TestTargetID = 180E5D291AAFA74600C5C4DC;
					};
				};
			};
			buildConfigurationList = 180E5D251AAFA74600C5C4DC /* Build configuration list for PBXProject "chedream-ios" */;
			compatibilityVersion = "Xcode 3.2";
			developmentRegion = English;
			hasScannedForEncodings = 0;
			knownRegions = (
				en,
				Base,
			);
			mainGroup = 180E5D211AAFA74600C5C4DC;
			productRefGroup = 180E5D2B1AAFA74600C5C4DC /* Products */;
			projectDirPath = "";
			projectRoot = "";
			targets = (
				180E5D291AAFA74600C5C4DC /* chedream-ios */,
				180E5D451AAFA74700C5C4DC /* chedream-iosTests */,
			);
		};
/* End PBXProject section */

/* Begin PBXResourcesBuildPhase section */
		180E5D281AAFA74600C5C4DC /* Resources */ = {
			isa = PBXResourcesBuildPhase;
			buildActionMask = 2147483647;
			files = (
				180E5D3C1AAFA74700C5C4DC /* Main.storyboard in Resources */,
				180E5D411AAFA74700C5C4DC /* LaunchScreen.xib in Resources */,
				180E5D3E1AAFA74700C5C4DC /* Images.xcassets in Resources */,
				4EB46F221AD56A58009E883F /* dream1.png in Resources */,
			);
			runOnlyForDeploymentPostprocessing = 0;
		};
		180E5D441AAFA74700C5C4DC /* Resources */ = {
			isa = PBXResourcesBuildPhase;
			buildActionMask = 2147483647;
			files = (
			);
			runOnlyForDeploymentPostprocessing = 0;
		};
/* End PBXResourcesBuildPhase section */

/* Begin PBXShellScriptBuildPhase section */
		0940DB186AC82454EA957CE3 /* Copy Pods Resources */ = {
			isa = PBXShellScriptBuildPhase;
			buildActionMask = 2147483647;
			files = (
			);
			inputPaths = (
			);
			name = "Copy Pods Resources";
			outputPaths = (
			);
			runOnlyForDeploymentPostprocessing = 0;
			shellPath = /bin/sh;
			shellScript = "\"${SRCROOT}/Pods/Target Support Files/Pods/Pods-resources.sh\"\n";
			showEnvVarsInLog = 0;
		};
		CE980DD55C8317C94EB09FED /* Check Pods Manifest.lock */ = {
			isa = PBXShellScriptBuildPhase;
			buildActionMask = 2147483647;
			files = (
			);
			inputPaths = (
			);
			name = "Check Pods Manifest.lock";
			outputPaths = (
			);
			runOnlyForDeploymentPostprocessing = 0;
			shellPath = /bin/sh;
			shellScript = "diff \"${PODS_ROOT}/../Podfile.lock\" \"${PODS_ROOT}/Manifest.lock\" > /dev/null\nif [[ $? != 0 ]] ; then\n    cat << EOM\nerror: The sandbox is not in sync with the Podfile.lock. Run 'pod install' or update your CocoaPods installation.\nEOM\n    exit 1\nfi\n";
			showEnvVarsInLog = 0;
		};
/* End PBXShellScriptBuildPhase section */

/* Begin PBXSourcesBuildPhase section */
		180E5D261AAFA74600C5C4DC /* Sources */ = {
			isa = PBXSourcesBuildPhase;
			buildActionMask = 2147483647;
			files = (
				4EB46F351AD57618009E883F /* ContactsViewController.m in Sources */,
				4EB46F2F1AD5757E009E883F /* AboutViewController.m in Sources */,
				4EB46F1B1AD567E2009E883F /* MainViewCollectionViewController.m in Sources */,
				180E5D331AAFA74600C5C4DC /* AppDelegate.m in Sources */,
				182CB96E1AC872560087DA92 /* Dream.m in Sources */,
				182CB9711AC882D80087DA92 /* Author.m in Sources */,
				4EB46F321AD575B2009E883F /* FAQViewController.m in Sources */,
				180E5D361AAFA74600C5C4DC /* chedream_ios.xcdatamodeld in Sources */,
				4EB46F181AD55AE7009E883F /* MenuTableViewController.m in Sources */,
				180E5D301AAFA74600C5C4DC /* main.m in Sources */,
				4EB46F2C1AD5753D009E883F /* DetailsViewController.m in Sources */,
				4E84DE431AD7B3EB005ED94D /* DreamResource.m in Sources */,
			);
			runOnlyForDeploymentPostprocessing = 0;
		};
		180E5D421AAFA74700C5C4DC /* Sources */ = {
			isa = PBXSourcesBuildPhase;
			buildActionMask = 2147483647;
			files = (
				180E5D4D1AAFA74700C5C4DC /* chedream_iosTests.m in Sources */,
			);
			runOnlyForDeploymentPostprocessing = 0;
		};
/* End PBXSourcesBuildPhase section */

/* Begin PBXTargetDependency section */
		180E5D481AAFA74700C5C4DC /* PBXTargetDependency */ = {
			isa = PBXTargetDependency;
			target = 180E5D291AAFA74600C5C4DC /* chedream-ios */;
			targetProxy = 180E5D471AAFA74700C5C4DC /* PBXContainerItemProxy */;
		};
/* End PBXTargetDependency section */

/* Begin PBXVariantGroup section */
		180E5D3A1AAFA74700C5C4DC /* Main.storyboard */ = {
			isa = PBXVariantGroup;
			children = (
				180E5D3B1AAFA74700C5C4DC /* Base */,
			);
			name = Main.storyboard;
			sourceTree = "<group>";
		};
		180E5D3F1AAFA74700C5C4DC /* LaunchScreen.xib */ = {
			isa = PBXVariantGroup;
			children = (
				180E5D401AAFA74700C5C4DC /* Base */,
			);
			name = LaunchScreen.xib;
			sourceTree = "<group>";
		};
/* End PBXVariantGroup section */

/* Begin XCBuildConfiguration section */
		180E5D4E1AAFA74700C5C4DC /* Debug */ = {
			isa = XCBuildConfiguration;
			buildSettings = {
				ALWAYS_SEARCH_USER_PATHS = NO;
				CLANG_CXX_LANGUAGE_STANDARD = "gnu++0x";
				CLANG_CXX_LIBRARY = "libc++";
				CLANG_ENABLE_MODULES = YES;
				CLANG_ENABLE_OBJC_ARC = YES;
				CLANG_WARN_BOOL_CONVERSION = YES;
				CLANG_WARN_CONSTANT_CONVERSION = YES;
				CLANG_WARN_DIRECT_OBJC_ISA_USAGE = YES_ERROR;
				CLANG_WARN_EMPTY_BODY = YES;
				CLANG_WARN_ENUM_CONVERSION = YES;
				CLANG_WARN_INT_CONVERSION = YES;
				CLANG_WARN_OBJC_ROOT_CLASS = YES_ERROR;
				CLANG_WARN_UNREACHABLE_CODE = YES;
				CLANG_WARN__DUPLICATE_METHOD_MATCH = YES;
				"CODE_SIGN_IDENTITY[sdk=iphoneos*]" = "iPhone Developer";
				COPY_PHASE_STRIP = NO;
				ENABLE_STRICT_OBJC_MSGSEND = YES;
				GCC_C_LANGUAGE_STANDARD = gnu99;
				GCC_DYNAMIC_NO_PIC = NO;
				GCC_OPTIMIZATION_LEVEL = 0;
				GCC_PREPROCESSOR_DEFINITIONS = (
					"DEBUG=1",
					"$(inherited)",
				);
				GCC_SYMBOLS_PRIVATE_EXTERN = NO;
				GCC_WARN_64_TO_32_BIT_CONVERSION = YES;
				GCC_WARN_ABOUT_RETURN_TYPE = YES_ERROR;
				GCC_WARN_UNDECLARED_SELECTOR = YES;
				GCC_WARN_UNINITIALIZED_AUTOS = YES_AGGRESSIVE;
				GCC_WARN_UNUSED_FUNCTION = YES;
				GCC_WARN_UNUSED_VARIABLE = YES;
				IPHONEOS_DEPLOYMENT_TARGET = 8.1;
				MTL_ENABLE_DEBUG_INFO = YES;
				ONLY_ACTIVE_ARCH = YES;
				SDKROOT = iphoneos;
			};
			name = Debug;
		};
		180E5D4F1AAFA74700C5C4DC /* Release */ = {
			isa = XCBuildConfiguration;
			buildSettings = {
				ALWAYS_SEARCH_USER_PATHS = NO;
				CLANG_CXX_LANGUAGE_STANDARD = "gnu++0x";
				CLANG_CXX_LIBRARY = "libc++";
				CLANG_ENABLE_MODULES = YES;
				CLANG_ENABLE_OBJC_ARC = YES;
				CLANG_WARN_BOOL_CONVERSION = YES;
				CLANG_WARN_CONSTANT_CONVERSION = YES;
				CLANG_WARN_DIRECT_OBJC_ISA_USAGE = YES_ERROR;
				CLANG_WARN_EMPTY_BODY = YES;
				CLANG_WARN_ENUM_CONVERSION = YES;
				CLANG_WARN_INT_CONVERSION = YES;
				CLANG_WARN_OBJC_ROOT_CLASS = YES_ERROR;
				CLANG_WARN_UNREACHABLE_CODE = YES;
				CLANG_WARN__DUPLICATE_METHOD_MATCH = YES;
				"CODE_SIGN_IDENTITY[sdk=iphoneos*]" = "iPhone Developer";
				COPY_PHASE_STRIP = YES;
				ENABLE_NS_ASSERTIONS = NO;
				ENABLE_STRICT_OBJC_MSGSEND = YES;
				GCC_C_LANGUAGE_STANDARD = gnu99;
				GCC_WARN_64_TO_32_BIT_CONVERSION = YES;
				GCC_WARN_ABOUT_RETURN_TYPE = YES_ERROR;
				GCC_WARN_UNDECLARED_SELECTOR = YES;
				GCC_WARN_UNINITIALIZED_AUTOS = YES_AGGRESSIVE;
				GCC_WARN_UNUSED_FUNCTION = YES;
				GCC_WARN_UNUSED_VARIABLE = YES;
				IPHONEOS_DEPLOYMENT_TARGET = 8.1;
				MTL_ENABLE_DEBUG_INFO = NO;
				SDKROOT = iphoneos;
				VALIDATE_PRODUCT = YES;
			};
			name = Release;
		};
		180E5D511AAFA74700C5C4DC /* Debug */ = {
			isa = XCBuildConfiguration;
			baseConfigurationReference = D6487594306448CBA22D4012 /* Pods.debug.xcconfig */;
			buildSettings = {
				ASSETCATALOG_COMPILER_APPICON_NAME = AppIcon;
				INFOPLIST_FILE = "chedream-ios/Info.plist";
				LD_RUNPATH_SEARCH_PATHS = "$(inherited) @executable_path/Frameworks";
				PRODUCT_NAME = "$(TARGET_NAME)";
			};
			name = Debug;
		};
		180E5D521AAFA74700C5C4DC /* Release */ = {
			isa = XCBuildConfiguration;
			baseConfigurationReference = 82A0FEE94C13DDF126131C40 /* Pods.release.xcconfig */;
			buildSettings = {
				ASSETCATALOG_COMPILER_APPICON_NAME = AppIcon;
				INFOPLIST_FILE = "chedream-ios/Info.plist";
				LD_RUNPATH_SEARCH_PATHS = "$(inherited) @executable_path/Frameworks";
				PRODUCT_NAME = "$(TARGET_NAME)";
			};
			name = Release;
		};
		180E5D541AAFA74700C5C4DC /* Debug */ = {
			isa = XCBuildConfiguration;
			buildSettings = {
				BUNDLE_LOADER = "$(TEST_HOST)";
				FRAMEWORK_SEARCH_PATHS = (
					"$(SDKROOT)/Developer/Library/Frameworks",
					"$(inherited)",
				);
				GCC_PREPROCESSOR_DEFINITIONS = (
					"DEBUG=1",
					"$(inherited)",
				);
				INFOPLIST_FILE = "chedream-iosTests/Info.plist";
				LD_RUNPATH_SEARCH_PATHS = "$(inherited) @executable_path/Frameworks @loader_path/Frameworks";
				PRODUCT_NAME = "$(TARGET_NAME)";
				TEST_HOST = "$(BUILT_PRODUCTS_DIR)/chedream-ios.app/chedream-ios";
			};
			name = Debug;
		};
		180E5D551AAFA74700C5C4DC /* Release */ = {
			isa = XCBuildConfiguration;
			buildSettings = {
				BUNDLE_LOADER = "$(TEST_HOST)";
				FRAMEWORK_SEARCH_PATHS = (
					"$(SDKROOT)/Developer/Library/Frameworks",
					"$(inherited)",
				);
				INFOPLIST_FILE = "chedream-iosTests/Info.plist";
				LD_RUNPATH_SEARCH_PATHS = "$(inherited) @executable_path/Frameworks @loader_path/Frameworks";
				PRODUCT_NAME = "$(TARGET_NAME)";
				TEST_HOST = "$(BUILT_PRODUCTS_DIR)/chedream-ios.app/chedream-ios";
			};
			name = Release;
		};
/* End XCBuildConfiguration section */

/* Begin XCConfigurationList section */
		180E5D251AAFA74600C5C4DC /* Build configuration list for PBXProject "chedream-ios" */ = {
			isa = XCConfigurationList;
			buildConfigurations = (
				180E5D4E1AAFA74700C5C4DC /* Debug */,
				180E5D4F1AAFA74700C5C4DC /* Release */,
			);
			defaultConfigurationIsVisible = 0;
			defaultConfigurationName = Release;
		};
		180E5D501AAFA74700C5C4DC /* Build configuration list for PBXNativeTarget "chedream-ios" */ = {
			isa = XCConfigurationList;
			buildConfigurations = (
				180E5D511AAFA74700C5C4DC /* Debug */,
				180E5D521AAFA74700C5C4DC /* Release */,
			);
			defaultConfigurationIsVisible = 0;
			defaultConfigurationName = Release;
		};
		180E5D531AAFA74700C5C4DC /* Build configuration list for PBXNativeTarget "chedream-iosTests" */ = {
			isa = XCConfigurationList;
			buildConfigurations = (
				180E5D541AAFA74700C5C4DC /* Debug */,
				180E5D551AAFA74700C5C4DC /* Release */,
			);
			defaultConfigurationIsVisible = 0;
			defaultConfigurationName = Release;
		};
/* End XCConfigurationList section */

/* Begin XCVersionGroup section */
		180E5D341AAFA74600C5C4DC /* chedream_ios.xcdatamodeld */ = {
			isa = XCVersionGroup;
			children = (
				180E5D351AAFA74600C5C4DC /* chedream_ios.xcdatamodel */,
			);
			currentVersion = 180E5D351AAFA74600C5C4DC /* chedream_ios.xcdatamodel */;
			path = chedream_ios.xcdatamodeld;
			sourceTree = "<group>";
			versionGroupType = wrapper.xcdatamodel;
		};
/* End XCVersionGroup section */
	};
	rootObject = 180E5D221AAFA74600C5C4DC /* Project object */;
}
